
Microsoft Visual Studio Solution File, Format Version 12.00
# Visual Studio Version 17
VisualStudioVersion = 17.1.32210.238
MinimumVisualStudioVersion = 10.0.40219.1
Project("{8BC9CEB8-8B4A-11D0-8D11-00A0C91BC942}") = "Seminar_03", "Seminar_03\Seminar_03.vcxproj", "{EECEA250-D75D-468F-8322-622D9DDA5164}"
EndProject
Global
	GlobalSection(SolutionConfigurationPlatforms) = preSolution
		Debug|x64 = Debug|x64
		Debug|x86 = Debug|x86
		Release|x64 = Release|x64
		Release|x86 = Release|x86
	EndGlobalSection
	GlobalSection(ProjectConfigurationPlatforms) = postSolution
		{EECEA250-D75D-468F-8322-622D9DDA5164}.Debug|x64.ActiveCfg = Debug|x64
		{EECEA250-D75D-468F-8322-622D9DDA5164}.Debug|x64.Build.0 = Debug|x64
		{EECEA250-D75D-468F-8322-622D9DDA5164}.Debug|x86.ActiveCfg = Debug|Win32
		{EECEA250-D75D-468F-8322-622D9DDA5164}.Debug|x86.Build.0 = Debug|Win32
		{EECEA250-D75D-468F-8322-622D9DDA5164}.Release|x64.ActiveCfg = Release|x64
		{EECEA250-D75D-468F-8322-622D9DDA5164}.Release|x64.Build.0 = Release|x64
		{EECEA250-D75D-468F-8322-622D9DDA5164}.Release|x86.ActiveCfg = Release|Win32
		{EECEA250-D75D-468F-8322-622D9DDA5164}.Release|x86.Build.0 = Release|Win32
	EndGlobalSection
	GlobalSection(SolutionProperties) = preSolution
		HideSolutionNode = FALSE
	EndGlobalSection
	GlobalSection(ExtensibilityGlobals) = postSolution
		SolutionGuid = {B2A20B25-1D0E-41B0-80C7-B3C8A04C4684}
	EndGlobalSection
EndGlobal
