<?xml version="1.0" encoding="utf-8"?>
<Project ToolsVersion="4.0" xmlns="http://schemas.microsoft.com/developer/msbuild/2003">
  <ItemGroup>
    <Filter Include="Source Files">
      <UniqueIdentifier>{4FC737F1-C7A5-4376-A066-2A32D752A2FF}</UniqueIdentifier>
      <Extensions>cpp;c;cc;cxx;def;odl;idl;hpj;bat;asm;asmx</Extensions>
    </Filter>
    <Filter Include="Header Files">
      <UniqueIdentifier>{93995380-89BD-4b04-88EB-625FBE52EBFB}</UniqueIdentifier>
      <Extensions>h;hh;hpp;hxx;hm;inl;inc;xsd</Extensions>
    </Filter>
    <Filter Include="Resource Files">
      <UniqueIdentifier>{67DA6AB6-F800-4c08-8B7A-83BB121AAD01}</UniqueIdentifier>
      <Extensions>qrc;rc;ico;cur;bmp;dlg;rc2;rct;bin;rgs;gif;jpg;jpeg;jpe;resx;tiff;tif;png;wav;mfcribbon-ms</Extensions>
    </Filter>
    <Filter Include="Form Files">
      <UniqueIdentifier>{99349809-55BA-4b9d-BF79-8FDBB0286EB3}</UniqueIdentifier>
      <Extensions>ui</Extensions>
    </Filter>
    <Filter Include="Translation Files">
      <UniqueIdentifier>{639EADAA-A684-42e4-A9AD-28FC9BCB8F7C}</UniqueIdentifier>
      <Extensions>ts</Extensions>
    </Filter>
    <Filter Include="Header Files\GUIs">
      <UniqueIdentifier>{e669da07-c7cf-4041-b2bd-cbe06a3e29df}</UniqueIdentifier>
    </Filter>
    <Filter Include="Source Files\GUIs">
      <UniqueIdentifier>{4d16009d-f178-4c31-aaf0-de13a266a485}</UniqueIdentifier>
    </Filter>
    <Filter Include="Header Files\Repository">
      <UniqueIdentifier>{0a5b1b28-61b7-483c-a764-3cd1b80da5e2}</UniqueIdentifier>
    </Filter>
    <Filter Include="Header Files\Service">
      <UniqueIdentifier>{29c1bb27-2c7a-410c-8f8d-9a5a29a17973}</UniqueIdentifier>
    </Filter>
    <Filter Include="Header Files\Domain">
      <UniqueIdentifier>{513976c1-05c5-4d5e-9e78-c1e7fd811584}</UniqueIdentifier>
    </Filter>
    <Filter Include="Header Files\Errors">
      <UniqueIdentifier>{7e7e5848-7d29-4c86-8b4c-7d2134a10a25}</UniqueIdentifier>
    </Filter>
    <Filter Include="Header Files\Tests">
      <UniqueIdentifier>{67638c85-923c-4922-a3dd-2e29e49c1e39}</UniqueIdentifier>
    </Filter>
    <Filter Include="Header Files\Validators">
      <UniqueIdentifier>{cdaf682c-34eb-43c1-920c-b1a01b41a88c}</UniqueIdentifier>
    </Filter>
    <Filter Include="Header Files\Comparator">
      <UniqueIdentifier>{761cbd0a-5825-40dd-947e-b16246fe2589}</UniqueIdentifier>
    </Filter>
    <Filter Include="Header Files\Libraries">
      <UniqueIdentifier>{d0aa0d9b-d9c8-4bd8-a54a-8f7cb467b637}</UniqueIdentifier>
    </Filter>
    <Filter Include="Source Files\Domain">
      <UniqueIdentifier>{c41c2eb9-2481-48c5-b404-2c23e28ed576}</UniqueIdentifier>
    </Filter>
    <Filter Include="Source Files\Errors">
      <UniqueIdentifier>{daa7046e-401a-4d4b-bf4d-bb80b5356cf9}</UniqueIdentifier>
    </Filter>
    <Filter Include="Source Files\Comparator">
      <UniqueIdentifier>{7d22320e-5ea6-44da-8e65-61beb664db1a}</UniqueIdentifier>
    </Filter>
    <Filter Include="Source Files\Validators">
      <UniqueIdentifier>{d0c9ec1e-4af2-4b0a-a897-9187e11ac5cf}</UniqueIdentifier>
    </Filter>
    <Filter Include="Source Files\Tests">
      <UniqueIdentifier>{43ee59e8-c17a-49b1-a9aa-f90757d5ebe3}</UniqueIdentifier>
    </Filter>
    <Filter Include="Source Files\Service">
      <UniqueIdentifier>{997df687-659e-4005-8c5e-e21dc985eb4c}</UniqueIdentifier>
    </Filter>
    <Filter Include="Source Files\Repository">
      <UniqueIdentifier>{99df67d0-2558-4b31-a8f6-c66633dcd9cd}</UniqueIdentifier>
    </Filter>
  </ItemGroup>
  <ItemGroup>
    <QtRcc Include="AssignmentGUI.qrc">
      <Filter>Resource Files</Filter>
    </QtRcc>
    <QtUic Include="AssignmentGUI.ui">
      <Filter>Form Files</Filter>
    </QtUic>
  </ItemGroup>
  <ItemGroup>
    <ClCompile Include="main.cpp">
      <Filter>Source Files</Filter>
    </ClCompile>
    <ClCompile Include="GUI.cpp">
      <Filter>Source Files\GUIs</Filter>
    </ClCompile>
    <ClCompile Include="MainGUI.cpp">
      <Filter>Source Files\GUIs</Filter>
    </ClCompile>
    <ClCompile Include="AssignmentGUI.cpp">
      <Filter>Source Files\GUIs</Filter>
    </ClCompile>
    <ClCompile Include="admin_repository.cpp">
      <Filter>Source Files\Repository</Filter>
    </ClCompile>
    <ClCompile Include="admin_repository_csv.cpp">
      <Filter>Source Files\Repository</Filter>
    </ClCompile>
    <ClCompile Include="admin_repository_file.cpp">
      <Filter>Source Files\Repository</Filter>
    </ClCompile>
    <ClCompile Include="admin_repository_html.cpp">
      <Filter>Source Files\Repository</Filter>
    </ClCompile>
    <ClCompile Include="admin_service.cpp">
      <Filter>Source Files\Repository</Filter>
    </ClCompile>
    <ClCompile Include="coat.cpp">
      <Filter>Source Files\Domain</Filter>
    </ClCompile>
    <ClCompile Include="comparator.cpp">
      <Filter>Source Files\Comparator</Filter>
    </ClCompile>
    <ClCompile Include="errors.cpp">
      <Filter>Source Files\Errors</Filter>
    </ClCompile>
    <ClCompile Include="tests.cpp">
      <Filter>Source Files\Tests</Filter>
    </ClCompile>
    <ClCompile Include="user_repository.cpp">
      <Filter>Source Files\Repository</Filter>
    </ClCompile>
    <ClCompile Include="user_service.cpp">
      <Filter>Source Files\Service</Filter>
    </ClCompile>
    <ClCompile Include="validators.cpp">
      <Filter>Source Files\Validators</Filter>
    </ClCompile>
    <ClCompile Include="AdminGUI.cpp">
      <Filter>Source Files\GUIs</Filter>
    </ClCompile>
    <ClCompile Include="UserGUI.cpp">
      <Filter>Source Files\GUIs</Filter>
    </ClCompile>
    <ClCompile Include="action.cpp">
      <Filter>Source Files\Domain</Filter>
    </ClCompile>
    <ClCompile Include="BasketModel.cpp">
      <Filter>Source Files</Filter>
    </ClCompile>
  </ItemGroup>
  <ItemGroup>
    <ClInclude Include="admin_repository.h">
      <Filter>Header Files\Repository</Filter>
    </ClInclude>
    <ClInclude Include="admin_repository_csv.h">
      <Filter>Header Files\Repository</Filter>
    </ClInclude>
    <ClInclude Include="admin_repository_file.h">
      <Filter>Header Files\Repository</Filter>
    </ClInclude>
    <ClInclude Include="admin_repository_html.h">
      <Filter>Header Files\Repository</Filter>
    </ClInclude>
    <ClInclude Include="coat.h">
      <Filter>Header Files\Domain</Filter>
    </ClInclude>
    <ClInclude Include="errors.h">
      <Filter>Header Files\Errors</Filter>
    </ClInclude>
    <ClInclude Include="tests.h">
      <Filter>Header Files\Tests</Filter>
    </ClInclude>
    <ClInclude Include="validators.h">
      <Filter>Header Files\Validators</Filter>
    </ClInclude>
    <ClInclude Include="user_repository.h">
      <Filter>Header Files\Repository</Filter>
    </ClInclude>
    <ClInclude Include="user_service.h">
      <Filter>Header Files\Service</Filter>
    </ClInclude>
    <ClInclude Include="admin_service.h">
      <Filter>Header Files\Service</Filter>
    </ClInclude>
    <ClInclude Include="everything.h">
      <Filter>Header Files\Libraries</Filter>
    </ClInclude>
    <ClInclude Include="comparator.h">
      <Filter>Header Files\Comparator</Filter>
    </ClInclude>
    <ClInclude Include="action.h">
      <Filter>Header Files\Domain</Filter>
    </ClInclude>
    <ClInclude Include="BasketModel.h">
      <Filter>Header Files</Filter>
    </ClInclude>
  </ItemGroup>
  <ItemGroup>
    <QtMoc Include="AdminGUI.h">
      <Filter>Header Files\GUIs</Filter>
    </QtMoc>
    <QtMoc Include="AssignmentGUI.h">
      <Filter>Header Files\GUIs</Filter>
    </QtMoc>
    <QtMoc Include="GUI.h">
      <Filter>Header Files\GUIs</Filter>
    </QtMoc>
    <QtMoc Include="MainGUI.h">
      <Filter>Header Files\GUIs</Filter>
    </QtMoc>
    <QtMoc Include="UserGUI.h">
      <Filter>Header Files\GUIs</Filter>
    </QtMoc>
  </ItemGroup>
</Project>