
Microsoft Visual Studio Solution File, Format Version 12.00
# Visual Studio Version 17
VisualStudioVersion = 17.0.32014.148
MinimumVisualStudioVersion = 10.0.40219.1
Project("{8BC9CEB8-8B4A-11D0-8D11-00A0C91BC942}") = "PriorityQueue", "PriorityQueue\PriorityQueue.vcxproj", "{5877D995-1ABC-4081-927C-A4C53313CBFD}"
EndProject
Global
	GlobalSection(SolutionConfigurationPlatforms) = preSolution
		Debug|x64 = Debug|x64
		Debug|x86 = Debug|x86
		Release|x64 = Release|x64
		Release|x86 = Release|x86
	EndGlobalSection
	GlobalSection(ProjectConfigurationPlatforms) = postSolution
		{5877D995-1ABC-4081-927C-A4C53313CBFD}.Debug|x64.ActiveCfg = Debug|x64
		{5877D995-1ABC-4081-927C-A4C53313CBFD}.Debug|x64.Build.0 = Debug|x64
		{5877D995-1ABC-4081-927C-A4C53313CBFD}.Debug|x86.ActiveCfg = Debug|Win32
		{5877D995-1ABC-4081-927C-A4C53313CBFD}.Debug|x86.Build.0 = Debug|Win32
		{5877D995-1ABC-4081-927C-A4C53313CBFD}.Release|x64.ActiveCfg = Release|x64
		{5877D995-1ABC-4081-927C-A4C53313CBFD}.Release|x64.Build.0 = Release|x64
		{5877D995-1ABC-4081-927C-A4C53313CBFD}.Release|x86.ActiveCfg = Release|Win32
		{5877D995-1ABC-4081-927C-A4C53313CBFD}.Release|x86.Build.0 = Release|Win32
	EndGlobalSection
	GlobalSection(SolutionProperties) = preSolution
		HideSolutionNode = FALSE
	EndGlobalSection
	GlobalSection(ExtensibilityGlobals) = postSolution
		SolutionGuid = {F9F8CB62-86A6-4160-8654-E7D502CD0E5B}
	EndGlobalSection
EndGlobal
