<?xml version="1.0" encoding="utf-8"?>
<Project ToolsVersion="4.0" xmlns="http://schemas.microsoft.com/developer/msbuild/2003">
  <ItemGroup>
    <Filter Include="Source Files">
      <UniqueIdentifier>{4FC737F1-C7A5-4376-A066-2A32D752A2FF}</UniqueIdentifier>
      <Extensions>cpp;c;cc;cxx;c++;cppm;ixx;def;odl;idl;hpj;bat;asm;asmx</Extensions>
    </Filter>
    <Filter Include="Header Files">
      <UniqueIdentifier>{93995380-89BD-4b04-88EB-625FBE52EBFB}</UniqueIdentifier>
      <Extensions>h;hh;hpp;hxx;h++;hm;inl;inc;ipp;xsd</Extensions>
    </Filter>
    <Filter Include="Resource Files">
      <UniqueIdentifier>{67DA6AB6-F800-4c08-8B7A-83BB121AAD01}</UniqueIdentifier>
      <Extensions>rc;ico;cur;bmp;dlg;rc2;rct;bin;rgs;gif;jpg;jpeg;jpe;resx;tiff;tif;png;wav;mfcribbon-ms</Extensions>
    </Filter>
    <Filter Include="Header Files\Domain">
      <UniqueIdentifier>{7138d62c-44f2-4ed3-ab8b-6fcd1696e20e}</UniqueIdentifier>
    </Filter>
    <Filter Include="Header Files\Repository">
      <UniqueIdentifier>{9d29fc13-f06a-4d95-b0c2-644994db44a0}</UniqueIdentifier>
    </Filter>
    <Filter Include="Header Files\Service">
      <UniqueIdentifier>{0edb4751-d893-44c3-bb01-a7b89de46591}</UniqueIdentifier>
    </Filter>
    <Filter Include="Header Files\Tests">
      <UniqueIdentifier>{ce17e656-19a2-4a23-8242-eeb130d9b5fe}</UniqueIdentifier>
    </Filter>
    <Filter Include="Header Files\UI">
      <UniqueIdentifier>{7a5f01a3-9b97-44d2-8e0b-eca8f73c6b4e}</UniqueIdentifier>
    </Filter>
    <Filter Include="Header Files\Errors">
      <UniqueIdentifier>{f6a692be-c25c-40e4-8735-71bceba44300}</UniqueIdentifier>
    </Filter>
    <Filter Include="Source Files\Domain">
      <UniqueIdentifier>{9acac852-7be1-4972-b688-6fcb1c2c1eff}</UniqueIdentifier>
    </Filter>
    <Filter Include="Source Files\Repository">
      <UniqueIdentifier>{d1ad5563-6c56-4c8b-b20d-d651743ce596}</UniqueIdentifier>
    </Filter>
    <Filter Include="Source Files\Service">
      <UniqueIdentifier>{5ffeb3d3-9e00-47dd-90bd-59c74a62f56a}</UniqueIdentifier>
    </Filter>
    <Filter Include="Source Files\UI">
      <UniqueIdentifier>{06ad8207-d1d3-417c-a370-f748aa5d059a}</UniqueIdentifier>
    </Filter>
    <Filter Include="Source Files\Tests">
      <UniqueIdentifier>{e2803aed-389e-4eac-9a1a-2c848599187f}</UniqueIdentifier>
    </Filter>
    <Filter Include="Header Files\Validators">
      <UniqueIdentifier>{dbeadc78-258f-40b9-a80b-b6383226e867}</UniqueIdentifier>
    </Filter>
    <Filter Include="Source Files\Errors">
      <UniqueIdentifier>{37199303-a5c2-467e-9a8b-be6c56576980}</UniqueIdentifier>
    </Filter>
    <Filter Include="Source Files\Validators">
      <UniqueIdentifier>{d7142bd0-9dcd-4aaa-99d7-ed80f17ac97d}</UniqueIdentifier>
    </Filter>
    <Filter Include="Header Files\Comparator">
      <UniqueIdentifier>{2dc9e4cb-9e57-466b-baac-19125e1bc4bc}</UniqueIdentifier>
    </Filter>
  </ItemGroup>
  <ItemGroup>
    <ClCompile Include="app.cpp">
      <Filter>Source Files</Filter>
    </ClCompile>
    <ClCompile Include="coat.cpp">
      <Filter>Source Files\Domain</Filter>
    </ClCompile>
    <ClCompile Include="admin_repository.cpp">
      <Filter>Source Files\Repository</Filter>
    </ClCompile>
    <ClCompile Include="user_repository.cpp">
      <Filter>Source Files\Repository</Filter>
    </ClCompile>
    <ClCompile Include="user_service.cpp">
      <Filter>Source Files\Service</Filter>
    </ClCompile>
    <ClCompile Include="admin_service.cpp">
      <Filter>Source Files\Service</Filter>
    </ClCompile>
    <ClCompile Include="tests.cpp">
      <Filter>Source Files\Tests</Filter>
    </ClCompile>
    <ClCompile Include="ui.cpp">
      <Filter>Source Files\UI</Filter>
    </ClCompile>
    <ClCompile Include="admin_repository_file.cpp">
      <Filter>Source Files\Repository</Filter>
    </ClCompile>
    <ClCompile Include="errors.cpp">
      <Filter>Source Files\Errors</Filter>
    </ClCompile>
    <ClCompile Include="validators.cpp">
      <Filter>Source Files\Validators</Filter>
    </ClCompile>
    <ClCompile Include="admin_repository_html.cpp">
      <Filter>Source Files\Repository</Filter>
    </ClCompile>
    <ClCompile Include="admin_repository_csv.cpp">
      <Filter>Source Files\Repository</Filter>
    </ClCompile>
  </ItemGroup>
  <ItemGroup>
    <ClInclude Include="coat.h">
      <Filter>Header Files\Domain</Filter>
    </ClInclude>
    <ClInclude Include="admin_repository.h">
      <Filter>Header Files\Repository</Filter>
    </ClInclude>
    <ClInclude Include="user_repository.h">
      <Filter>Header Files\Repository</Filter>
    </ClInclude>
    <ClInclude Include="admin_service.h">
      <Filter>Header Files\Service</Filter>
    </ClInclude>
    <ClInclude Include="user_service.h">
      <Filter>Header Files\Service</Filter>
    </ClInclude>
    <ClInclude Include="tests.h">
      <Filter>Header Files\Tests</Filter>
    </ClInclude>
    <ClInclude Include="ui.h">
      <Filter>Header Files\UI</Filter>
    </ClInclude>
    <ClInclude Include="errors.h">
      <Filter>Header Files\Errors</Filter>
    </ClInclude>
    <ClInclude Include="admin_repository_file.h">
      <Filter>Header Files\Repository</Filter>
    </ClInclude>
    <ClInclude Include="validators.h">
      <Filter>Header Files\Validators</Filter>
    </ClInclude>
    <ClInclude Include="admin_repository_html.h">
      <Filter>Header Files\Repository</Filter>
    </ClInclude>
    <ClInclude Include="admin_repository_csv.h">
      <Filter>Header Files\Repository</Filter>
    </ClInclude>
    <ClInclude Include="comparator.h">
      <Filter>Header Files\Comparator</Filter>
    </ClInclude>
  </ItemGroup>
</Project>