
Microsoft Visual Studio Solution File, Format Version 12.00
# Visual Studio Version 17
VisualStudioVersion = 17.0.32014.148
MinimumVisualStudioVersion = 10.0.40219.1
Project("{8BC9CEB8-8B4A-11D0-8D11-00A0C91BC942}") = "Set", "Set\Set.vcxproj", "{DE63AE86-204E-4382-83C7-1E0E41819CED}"
EndProject
Global
	GlobalSection(SolutionConfigurationPlatforms) = preSolution
		Debug|x64 = Debug|x64
		Debug|x86 = Debug|x86
		Release|x64 = Release|x64
		Release|x86 = Release|x86
	EndGlobalSection
	GlobalSection(ProjectConfigurationPlatforms) = postSolution
		{DE63AE86-204E-4382-83C7-1E0E41819CED}.Debug|x64.ActiveCfg = Debug|x64
		{DE63AE86-204E-4382-83C7-1E0E41819CED}.Debug|x64.Build.0 = Debug|x64
		{DE63AE86-204E-4382-83C7-1E0E41819CED}.Debug|x86.ActiveCfg = Debug|Win32
		{DE63AE86-204E-4382-83C7-1E0E41819CED}.Debug|x86.Build.0 = Debug|Win32
		{DE63AE86-204E-4382-83C7-1E0E41819CED}.Release|x64.ActiveCfg = Release|x64
		{DE63AE86-204E-4382-83C7-1E0E41819CED}.Release|x64.Build.0 = Release|x64
		{DE63AE86-204E-4382-83C7-1E0E41819CED}.Release|x86.ActiveCfg = Release|Win32
		{DE63AE86-204E-4382-83C7-1E0E41819CED}.Release|x86.Build.0 = Release|Win32
	EndGlobalSection
	GlobalSection(SolutionProperties) = preSolution
		HideSolutionNode = FALSE
	EndGlobalSection
	GlobalSection(ExtensibilityGlobals) = postSolution
		SolutionGuid = {3364565E-D4B0-4076-81F1-E18444EF56B5}
	EndGlobalSection
EndGlobal
